
Microsoft Visual Studio Solution File, Format Version 12.00
# Visual Studio Version 17
VisualStudioVersion = 17.14.36327.8 d17.14
MinimumVisualStudioVersion = 10.0.40219.1
Project("{8BC9CEB8-8B4A-11D0-8D11-00A0C91BC942}") = "D3Ddemo2", "D3Ddemo2.vcxproj", "{BF8CEE2C-23B0-4BEA-961A-F5E49B075DB0}"
EndProject
Global
	GlobalSection(SolutionConfigurationPlatforms) = preSolution
		Debug|x64 = Debug|x64
		Debug|x86 = Debug|x86
		Release|x64 = Release|x64
		Release|x86 = Release|x86
	EndGlobalSection
	GlobalSection(ProjectConfigurationPlatforms) = postSolution
		{BF8CEE2C-23B0-4BEA-961A-F5E49B075DB0}.Debug|x64.ActiveCfg = Debug|x64
		{BF8CEE2C-23B0-4BEA-961A-F5E49B075DB0}.Debug|x64.Build.0 = Debug|x64
		{BF8CEE2C-23B0-4BEA-961A-F5E49B075DB0}.Debug|x86.ActiveCfg = Debug|Win32
		{BF8CEE2C-23B0-4BEA-961A-F5E49B075DB0}.Debug|x86.Build.0 = Debug|Win32
		{BF8CEE2C-23B0-4BEA-961A-F5E49B075DB0}.Release|x64.ActiveCfg = Release|x64
		{BF8CEE2C-23B0-4BEA-961A-F5E49B075DB0}.Release|x64.Build.0 = Release|x64
		{BF8CEE2C-23B0-4BEA-961A-F5E49B075DB0}.Release|x86.ActiveCfg = Release|Win32
		{BF8CEE2C-23B0-4BEA-961A-F5E49B075DB0}.Release|x86.Build.0 = Release|Win32
	EndGlobalSection
	GlobalSection(SolutionProperties) = preSolution
		HideSolutionNode = FALSE
	EndGlobalSection
	GlobalSection(ExtensibilityGlobals) = postSolution
		SolutionGuid = {4E11BE7F-46BA-4AB7-9239-5315F77A25AC}
	EndGlobalSection
EndGlobal
