
Microsoft Visual Studio Solution File, Format Version 12.00
# Visual Studio Version 17
VisualStudioVersion = 17.14.36327.8 d17.14
MinimumVisualStudioVersion = 10.0.40219.1
Project("{8BC9CEB8-8B4A-11D0-8D11-00A0C91BC942}") = "D3Ddemo16", "D3Ddemo16.vcxproj", "{6471874B-C075-45EE-90E2-45DDE2706983}"
EndProject
Global
	GlobalSection(SolutionConfigurationPlatforms) = preSolution
		Debug|x64 = Debug|x64
		Debug|x86 = Debug|x86
		Release|x64 = Release|x64
		Release|x86 = Release|x86
	EndGlobalSection
	GlobalSection(ProjectConfigurationPlatforms) = postSolution
		{6471874B-C075-45EE-90E2-45DDE2706983}.Debug|x64.ActiveCfg = Debug|x64
		{6471874B-C075-45EE-90E2-45DDE2706983}.Debug|x64.Build.0 = Debug|x64
		{6471874B-C075-45EE-90E2-45DDE2706983}.Debug|x86.ActiveCfg = Debug|Win32
		{6471874B-C075-45EE-90E2-45DDE2706983}.Debug|x86.Build.0 = Debug|Win32
		{6471874B-C075-45EE-90E2-45DDE2706983}.Release|x64.ActiveCfg = Release|x64
		{6471874B-C075-45EE-90E2-45DDE2706983}.Release|x64.Build.0 = Release|x64
		{6471874B-C075-45EE-90E2-45DDE2706983}.Release|x86.ActiveCfg = Release|Win32
		{6471874B-C075-45EE-90E2-45DDE2706983}.Release|x86.Build.0 = Release|Win32
	EndGlobalSection
	GlobalSection(SolutionProperties) = preSolution
		HideSolutionNode = FALSE
	EndGlobalSection
	GlobalSection(ExtensibilityGlobals) = postSolution
		SolutionGuid = {CDFF2902-E9FF-4A83-8A7A-4EF9FC657871}
	EndGlobalSection
EndGlobal
