
Microsoft Visual Studio Solution File, Format Version 12.00
# Visual Studio Version 17
VisualStudioVersion = 17.14.36623.8 d17.14
MinimumVisualStudioVersion = 10.0.40219.1
Project("{8BC9CEB8-8B4A-11D0-8D11-00A0C91BC942}") = "现代C++智能指针", "现代C++智能指针.vcxproj", "{9E206EF8-9B3E-48CD-B768-31FFCD875BE3}"
EndProject
Global
	GlobalSection(SolutionConfigurationPlatforms) = preSolution
		Debug|x64 = Debug|x64
		Debug|x86 = Debug|x86
		Release|x64 = Release|x64
		Release|x86 = Release|x86
	EndGlobalSection
	GlobalSection(ProjectConfigurationPlatforms) = postSolution
		{9E206EF8-9B3E-48CD-B768-31FFCD875BE3}.Debug|x64.ActiveCfg = Debug|x64
		{9E206EF8-9B3E-48CD-B768-31FFCD875BE3}.Debug|x64.Build.0 = Debug|x64
		{9E206EF8-9B3E-48CD-B768-31FFCD875BE3}.Debug|x86.ActiveCfg = Debug|Win32
		{9E206EF8-9B3E-48CD-B768-31FFCD875BE3}.Debug|x86.Build.0 = Debug|Win32
		{9E206EF8-9B3E-48CD-B768-31FFCD875BE3}.Release|x64.ActiveCfg = Release|x64
		{9E206EF8-9B3E-48CD-B768-31FFCD875BE3}.Release|x64.Build.0 = Release|x64
		{9E206EF8-9B3E-48CD-B768-31FFCD875BE3}.Release|x86.ActiveCfg = Release|Win32
		{9E206EF8-9B3E-48CD-B768-31FFCD875BE3}.Release|x86.Build.0 = Release|Win32
	EndGlobalSection
	GlobalSection(SolutionProperties) = preSolution
		HideSolutionNode = FALSE
	EndGlobalSection
	GlobalSection(ExtensibilityGlobals) = postSolution
		SolutionGuid = {DB40F2EA-63A6-46D4-A823-96D0B794E5F6}
	EndGlobalSection
EndGlobal
